{
  "version": 4,
  "terraform_version": "1.4.5",
  "serial": 70,
  "lineage": "8a67b136-e645-7920-83e9-bb3d07768b39",
  "outputs": {},
  "resources": [
    {
      "mode": "managed",
      "type": "google_firestore_database",
      "name": "default",
      "provider": "provider[\"registry.terraform.io/hashicorp/google\"]",
      "instances": [
        {
          "schema_version": 0,
          "attributes": {
            "app_engine_integration_mode": "DISABLED",
            "concurrency_mode": "PESSIMISTIC",
            "create_time": "",
            "delete_protection_state": "DELETE_PROTECTION_DISABLED",
            "deletion_policy": "ABANDON",
            "earliest_version_time": "2024-05-22T06:55:03.757580Z",
            "etag": "IIfXtITkoIYDMPrH2M6nn4YD",
            "id": "projects/elysian-client-services/databases/(default)",
            "key_prefix": "",
            "location_id": "europe-west3",
            "name": "(default)",
            "point_in_time_recovery_enablement": "POINT_IN_TIME_RECOVERY_DISABLED",
            "project": "elysian-client-services",
            "timeouts": null,
            "type": "FIRESTORE_NATIVE",
            "uid": "814bd105-cecb-4a76-b1b3-388632a11bf1",
            "update_time": "",
            "version_retention_period": "3600s"
          },
          "sensitive_attributes": [],
          "private": "eyJlMmJmYjczMC1lY2FhLTExZTYtOGY4OC0zNDM2M2JjN2M0YzAiOnsiY3JlYXRlIjoxMjAwMDAwMDAwMDAwLCJkZWxldGUiOjEyMDAwMDAwMDAwMDAsInVwZGF0ZSI6MTIwMDAwMDAwMDAwMH19",
          "dependencies": [
            "google_project_service.cloudresourcemanager",
            "google_project_service.firestore"
          ]
        }
      ]
    },
    {
      "mode": "managed",
      "type": "google_project_iam_member",
      "name": "compute_service_account_token_creator",
      "provider": "provider[\"registry.terraform.io/hashicorp/google\"]",
      "instances": [
        {
          "schema_version": 0,
          "attributes": {
            "condition": [],
            "etag": "BwYY+nSDFo4=",
            "id": "elysian-client-services/roles/iam.serviceAccountTokenCreator/serviceAccount:180268730165-compute@developer.gserviceaccount.com",
            "member": "serviceAccount:180268730165-compute@developer.gserviceaccount.com",
            "project": "elysian-client-services",
            "role": "roles/iam.serviceAccountTokenCreator"
          },
          "sensitive_attributes": [],
          "private": "bnVsbA==",
          "dependencies": [
            "google_project_service.iamcredentials"
          ]
        }
      ]
    },
    {
      "mode": "managed",
      "type": "google_project_iam_member",
      "name": "secret_accessor",
      "provider": "provider[\"registry.terraform.io/hashicorp/google\"]",
      "instances": [
        {
          "schema_version": 0,
          "attributes": {
            "condition": [],
            "etag": "BwYY+nSDFo4=",
            "id": "elysian-client-services/roles/secretmanager.secretAccessor/serviceAccount:180268730165-compute@developer.gserviceaccount.com",
            "member": "serviceAccount:180268730165-compute@developer.gserviceaccount.com",
            "project": "elysian-client-services",
            "role": "roles/secretmanager.secretAccessor"
          },
          "sensitive_attributes": [],
          "private": "bnVsbA==",
          "dependencies": [
            "google_project_service.iamcredentials"
          ]
        }
      ]
    },
    {
      "mode": "managed",
      "type": "google_project_service",
      "name": "cloudbuild",
      "provider": "provider[\"registry.terraform.io/hashicorp/google\"]",
      "instances": [
        {
          "schema_version": 0,
          "attributes": {
            "disable_dependent_services": null,
            "disable_on_destroy": false,
            "id": "elysian-client-services/cloudbuild.googleapis.com",
            "project": "elysian-client-services",
            "service": "cloudbuild.googleapis.com",
            "timeouts": null
          },
          "sensitive_attributes": [],
          "private": "eyJlMmJmYjczMC1lY2FhLTExZTYtOGY4OC0zNDM2M2JjN2M0YzAiOnsiY3JlYXRlIjoxMjAwMDAwMDAwMDAwLCJkZWxldGUiOjEyMDAwMDAwMDAwMDAsInJlYWQiOjYwMDAwMDAwMDAwMCwidXBkYXRlIjoxMjAwMDAwMDAwMDAwfX0="
        }
      ]
    },
    {
      "mode": "managed",
      "type": "google_project_service",
      "name": "cloudfunctions",
      "provider": "provider[\"registry.terraform.io/hashicorp/google\"]",
      "instances": [
        {
          "schema_version": 0,
          "attributes": {
            "disable_dependent_services": null,
            "disable_on_destroy": false,
            "id": "elysian-client-services/cloudfunctions.googleapis.com",
            "project": "elysian-client-services",
            "service": "cloudfunctions.googleapis.com",
            "timeouts": null
          },
          "sensitive_attributes": [],
          "private": "eyJlMmJmYjczMC1lY2FhLTExZTYtOGY4OC0zNDM2M2JjN2M0YzAiOnsiY3JlYXRlIjoxMjAwMDAwMDAwMDAwLCJkZWxldGUiOjEyMDAwMDAwMDAwMDAsInJlYWQiOjYwMDAwMDAwMDAwMCwidXBkYXRlIjoxMjAwMDAwMDAwMDAwfX0="
        }
      ]
    },
    {
      "mode": "managed",
      "type": "google_project_service",
      "name": "cloudresourcemanager",
      "provider": "provider[\"registry.terraform.io/hashicorp/google\"]",
      "instances": [
        {
          "schema_version": 0,
          "attributes": {
            "disable_dependent_services": null,
            "disable_on_destroy": false,
            "id": "elysian-client-services/cloudresourcemanager.googleapis.com",
            "project": "elysian-client-services",
            "service": "cloudresourcemanager.googleapis.com",
            "timeouts": null
          },
          "sensitive_attributes": [],
          "private": "eyJlMmJmYjczMC1lY2FhLTExZTYtOGY4OC0zNDM2M2JjN2M0YzAiOnsiY3JlYXRlIjoxMjAwMDAwMDAwMDAwLCJkZWxldGUiOjEyMDAwMDAwMDAwMDAsInJlYWQiOjYwMDAwMDAwMDAwMCwidXBkYXRlIjoxMjAwMDAwMDAwMDAwfX0="
        }
      ]
    },
    {
      "mode": "managed",
      "type": "google_project_service",
      "name": "compute",
      "provider": "provider[\"registry.terraform.io/hashicorp/google\"]",
      "instances": [
        {
          "schema_version": 0,
          "attributes": {
            "disable_dependent_services": null,
            "disable_on_destroy": false,
            "id": "elysian-client-services/compute.googleapis.com",
            "project": "elysian-client-services",
            "service": "compute.googleapis.com",
            "timeouts": null
          },
          "sensitive_attributes": [],
          "private": "eyJlMmJmYjczMC1lY2FhLTExZTYtOGY4OC0zNDM2M2JjN2M0YzAiOnsiY3JlYXRlIjoxMjAwMDAwMDAwMDAwLCJkZWxldGUiOjEyMDAwMDAwMDAwMDAsInJlYWQiOjYwMDAwMDAwMDAwMCwidXBkYXRlIjoxMjAwMDAwMDAwMDAwfX0="
        }
      ]
    },
    {
      "mode": "managed",
      "type": "google_project_service",
      "name": "eventarc",
      "provider": "provider[\"registry.terraform.io/hashicorp/google\"]",
      "instances": [
        {
          "schema_version": 0,
          "attributes": {
            "disable_dependent_services": null,
            "disable_on_destroy": false,
            "id": "elysian-client-services/eventarc.googleapis.com",
            "project": "elysian-client-services",
            "service": "eventarc.googleapis.com",
            "timeouts": null
          },
          "sensitive_attributes": [],
          "private": "eyJlMmJmYjczMC1lY2FhLTExZTYtOGY4OC0zNDM2M2JjN2M0YzAiOnsiY3JlYXRlIjoxMjAwMDAwMDAwMDAwLCJkZWxldGUiOjEyMDAwMDAwMDAwMDAsInJlYWQiOjYwMDAwMDAwMDAwMCwidXBkYXRlIjoxMjAwMDAwMDAwMDAwfX0="
        }
      ]
    },
    {
      "mode": "managed",
      "type": "google_project_service",
      "name": "firestore",
      "provider": "provider[\"registry.terraform.io/hashicorp/google\"]",
      "instances": [
        {
          "schema_version": 0,
          "attributes": {
            "disable_dependent_services": null,
            "disable_on_destroy": false,
            "id": "elysian-client-services/firestore.googleapis.com",
            "project": "elysian-client-services",
            "service": "firestore.googleapis.com",
            "timeouts": null
          },
          "sensitive_attributes": [],
          "private": "eyJlMmJmYjczMC1lY2FhLTExZTYtOGY4OC0zNDM2M2JjN2M0YzAiOnsiY3JlYXRlIjoxMjAwMDAwMDAwMDAwLCJkZWxldGUiOjEyMDAwMDAwMDAwMDAsInJlYWQiOjYwMDAwMDAwMDAwMCwidXBkYXRlIjoxMjAwMDAwMDAwMDAwfX0="
        }
      ]
    },
    {
      "mode": "managed",
      "type": "google_project_service",
      "name": "iam",
      "provider": "provider[\"registry.terraform.io/hashicorp/google\"]",
      "instances": [
        {
          "schema_version": 0,
          "attributes": {
            "disable_dependent_services": null,
            "disable_on_destroy": false,
            "id": "elysian-client-services/iam.googleapis.com",
            "project": "elysian-client-services",
            "service": "iam.googleapis.com",
            "timeouts": null
          },
          "sensitive_attributes": [],
          "private": "eyJlMmJmYjczMC1lY2FhLTExZTYtOGY4OC0zNDM2M2JjN2M0YzAiOnsiY3JlYXRlIjoxMjAwMDAwMDAwMDAwLCJkZWxldGUiOjEyMDAwMDAwMDAwMDAsInJlYWQiOjYwMDAwMDAwMDAwMCwidXBkYXRlIjoxMjAwMDAwMDAwMDAwfX0="
        }
      ]
    },
    {
      "mode": "managed",
      "type": "google_project_service",
      "name": "iamcredentials",
      "provider": "provider[\"registry.terraform.io/hashicorp/google\"]",
      "instances": [
        {
          "schema_version": 0,
          "attributes": {
            "disable_dependent_services": null,
            "disable_on_destroy": false,
            "id": "elysian-client-services/iamcredentials.googleapis.com",
            "project": "elysian-client-services",
            "service": "iamcredentials.googleapis.com",
            "timeouts": null
          },
          "sensitive_attributes": [],
          "private": "eyJlMmJmYjczMC1lY2FhLTExZTYtOGY4OC0zNDM2M2JjN2M0YzAiOnsiY3JlYXRlIjoxMjAwMDAwMDAwMDAwLCJkZWxldGUiOjEyMDAwMDAwMDAwMDAsInJlYWQiOjYwMDAwMDAwMDAwMCwidXBkYXRlIjoxMjAwMDAwMDAwMDAwfX0="
        }
      ]
    },
    {
      "mode": "managed",
      "type": "google_project_service",
      "name": "run",
      "provider": "provider[\"registry.terraform.io/hashicorp/google\"]",
      "instances": [
        {
          "schema_version": 0,
          "attributes": {
            "disable_dependent_services": null,
            "disable_on_destroy": false,
            "id": "elysian-client-services/run.googleapis.com",
            "project": "elysian-client-services",
            "service": "run.googleapis.com",
            "timeouts": null
          },
          "sensitive_attributes": [],
          "private": "eyJlMmJmYjczMC1lY2FhLTExZTYtOGY4OC0zNDM2M2JjN2M0YzAiOnsiY3JlYXRlIjoxMjAwMDAwMDAwMDAwLCJkZWxldGUiOjEyMDAwMDAwMDAwMDAsInJlYWQiOjYwMDAwMDAwMDAwMCwidXBkYXRlIjoxMjAwMDAwMDAwMDAwfX0="
        }
      ]
    },
    {
      "mode": "managed",
      "type": "google_project_service",
      "name": "secretmanager",
      "provider": "provider[\"registry.terraform.io/hashicorp/google\"]",
      "instances": [
        {
          "schema_version": 0,
          "attributes": {
            "disable_dependent_services": null,
            "disable_on_destroy": false,
            "id": "elysian-client-services/secretmanager.googleapis.com",
            "project": "elysian-client-services",
            "service": "secretmanager.googleapis.com",
            "timeouts": null
          },
          "sensitive_attributes": [],
          "private": "eyJlMmJmYjczMC1lY2FhLTExZTYtOGY4OC0zNDM2M2JjN2M0YzAiOnsiY3JlYXRlIjoxMjAwMDAwMDAwMDAwLCJkZWxldGUiOjEyMDAwMDAwMDAwMDAsInJlYWQiOjYwMDAwMDAwMDAwMCwidXBkYXRlIjoxMjAwMDAwMDAwMDAwfX0="
        }
      ]
    },
    {
      "mode": "managed",
      "type": "google_project_service",
      "name": "serviceusage",
      "provider": "provider[\"registry.terraform.io/hashicorp/google\"]",
      "instances": [
        {
          "schema_version": 0,
          "attributes": {
            "disable_dependent_services": null,
            "disable_on_destroy": false,
            "id": "elysian-client-services/serviceusage.googleapis.com",
            "project": "elysian-client-services",
            "service": "serviceusage.googleapis.com",
            "timeouts": null
          },
          "sensitive_attributes": [],
          "private": "eyJlMmJmYjczMC1lY2FhLTExZTYtOGY4OC0zNDM2M2JjN2M0YzAiOnsiY3JlYXRlIjoxMjAwMDAwMDAwMDAwLCJkZWxldGUiOjEyMDAwMDAwMDAwMDAsInJlYWQiOjYwMDAwMDAwMDAwMCwidXBkYXRlIjoxMjAwMDAwMDAwMDAwfX0="
        }
      ]
    },
    {
      "mode": "managed",
      "type": "google_project_service",
      "name": "storage",
      "provider": "provider[\"registry.terraform.io/hashicorp/google\"]",
      "instances": [
        {
          "schema_version": 0,
          "attributes": {
            "disable_dependent_services": null,
            "disable_on_destroy": false,
            "id": "elysian-client-services/storage.googleapis.com",
            "project": "elysian-client-services",
            "service": "storage.googleapis.com",
            "timeouts": null
          },
          "sensitive_attributes": [],
          "private": "eyJlMmJmYjczMC1lY2FhLTExZTYtOGY4OC0zNDM2M2JjN2M0YzAiOnsiY3JlYXRlIjoxMjAwMDAwMDAwMDAwLCJkZWxldGUiOjEyMDAwMDAwMDAwMDAsInJlYWQiOjYwMDAwMDAwMDAwMCwidXBkYXRlIjoxMjAwMDAwMDAwMDAwfX0="
        }
      ]
    },
    {
      "mode": "managed",
      "type": "google_storage_bucket",
      "name": "functions_bucket",
      "provider": "provider[\"registry.terraform.io/hashicorp/google\"]",
      "instances": [
        {
          "schema_version": 1,
          "attributes": {
            "autoclass": [],
            "cors": [],
            "custom_placement_config": [],
            "default_event_based_hold": false,
            "effective_labels": {},
            "enable_object_retention": false,
            "encryption": [],
            "force_destroy": false,
            "id": "elysian-client-services-functions-bucket",
            "labels": {},
            "lifecycle_rule": [],
            "location": "EUROPE-WEST1",
            "logging": [],
            "name": "elysian-client-services-functions-bucket",
            "project": "elysian-client-services",
            "project_number": 180268730165,
            "public_access_prevention": "inherited",
            "requester_pays": false,
            "retention_policy": [],
            "rpo": null,
            "self_link": "https://www.googleapis.com/storage/v1/b/elysian-client-services-functions-bucket",
            "soft_delete_policy": [
              {
                "effective_time": "2024-05-21T17:46:39.416Z",
                "retention_duration_seconds": 604800
              }
            ],
            "storage_class": "STANDARD",
            "terraform_labels": {},
            "timeouts": null,
            "uniform_bucket_level_access": false,
            "url": "gs://elysian-client-services-functions-bucket",
            "versioning": [],
            "website": []
          },
          "sensitive_attributes": [],
          "private": "eyJlMmJmYjczMC1lY2FhLTExZTYtOGY4OC0zNDM2M2JjN2M0YzAiOnsiY3JlYXRlIjo2MDAwMDAwMDAwMDAsInJlYWQiOjI0MDAwMDAwMDAwMCwidXBkYXRlIjoyNDAwMDAwMDAwMDB9LCJzY2hlbWFfdmVyc2lvbiI6IjEifQ==",
          "dependencies": [
            "google_project_service.storage"
          ]
        }
      ]
    },
    {
      "module": "module.functions",
      "mode": "managed",
      "type": "google_cloud_run_service_iam_member",
      "name": "accept_webhook_public_access",
      "provider": "provider[\"registry.terraform.io/hashicorp/google\"]",
      "instances": [
        {
          "schema_version": 0,
          "attributes": {
            "condition": [],
            "etag": "BwYY+nujF5g=",
            "id": "v1/projects/elysian-client-services/locations/europe-west1/services/accept-webhook/roles/run.invoker/allUsers",
            "location": "europe-west1",
            "member": "allUsers",
            "project": "elysian-client-services",
            "role": "roles/run.invoker",
            "service": "v1/projects/elysian-client-services/locations/europe-west1/services/accept-webhook"
          },
          "sensitive_attributes": [],
          "private": "bnVsbA==",
          "dependencies": [
            "google_firestore_database.default",
            "google_project_iam_member.secret_accessor",
            "google_project_service.cloudbuild",
            "google_project_service.cloudfunctions",
            "google_project_service.cloudresourcemanager",
            "google_project_service.compute",
            "google_project_service.eventarc",
            "google_project_service.firestore",
            "google_project_service.iamcredentials",
            "google_project_service.run",
            "google_project_service.secretmanager",
            "google_project_service.serviceusage",
            "google_project_service.storage",
            "google_storage_bucket.functions_bucket",
            "module.functions.google_cloudfunctions2_function.accept_webhook",
            "module.functions.google_storage_bucket_object.accept_webhook_code"
          ]
        }
      ]
    },
    {
      "module": "module.functions",
      "mode": "managed",
      "type": "google_cloud_run_service_iam_member",
      "name": "get_name_public_access",
      "provider": "provider[\"registry.terraform.io/hashicorp/google\"]",
      "instances": [
        {
          "schema_version": 0,
          "attributes": {
            "condition": [],
            "etag": "BwYY/C1c38Q=",
            "id": "v1/projects/elysian-client-services/locations/europe-west1/services/get-name/roles/run.invoker/allUsers",
            "location": "europe-west1",
            "member": "allUsers",
            "project": "elysian-client-services",
            "role": "roles/run.invoker",
            "service": "v1/projects/elysian-client-services/locations/europe-west1/services/get-name"
          },
          "sensitive_attributes": [],
          "private": "bnVsbA==",
          "dependencies": [
            "google_firestore_database.default",
            "google_project_iam_member.secret_accessor",
            "google_project_service.cloudbuild",
            "google_project_service.cloudfunctions",
            "google_project_service.cloudresourcemanager",
            "google_project_service.compute",
            "google_project_service.eventarc",
            "google_project_service.firestore",
            "google_project_service.iamcredentials",
            "google_project_service.run",
            "google_project_service.secretmanager",
            "google_project_service.serviceusage",
            "google_project_service.storage",
            "google_storage_bucket.functions_bucket",
            "module.functions.google_cloudfunctions2_function.get_name",
            "module.functions.google_storage_bucket_object.get_name_code"
          ]
        }
      ]
    },
    {
      "module": "module.functions",
      "mode": "managed",
      "type": "google_cloud_run_service_iam_member",
      "name": "query_name_public_access",
      "provider": "provider[\"registry.terraform.io/hashicorp/google\"]",
      "instances": [
        {
          "schema_version": 0,
          "attributes": {
            "condition": [],
            "etag": "BwYY/D3TWHw=",
            "id": "v1/projects/elysian-client-services/locations/europe-west1/services/query-name/roles/run.invoker/allUsers",
            "location": "europe-west1",
            "member": "allUsers",
            "project": "elysian-client-services",
            "role": "roles/run.invoker",
            "service": "v1/projects/elysian-client-services/locations/europe-west1/services/query-name"
          },
          "sensitive_attributes": [],
          "private": "bnVsbA==",
          "dependencies": [
            "google_firestore_database.default",
            "google_project_iam_member.secret_accessor",
            "google_project_service.cloudbuild",
            "google_project_service.cloudfunctions",
            "google_project_service.cloudresourcemanager",
            "google_project_service.compute",
            "google_project_service.eventarc",
            "google_project_service.firestore",
            "google_project_service.iamcredentials",
            "google_project_service.run",
            "google_project_service.secretmanager",
            "google_project_service.serviceusage",
            "google_project_service.storage",
            "google_storage_bucket.functions_bucket",
            "module.functions.google_cloudfunctions2_function.query_name",
            "module.functions.google_storage_bucket_object.query_name_code"
          ]
        }
      ]
    },
    {
      "module": "module.functions",
      "mode": "managed",
      "type": "google_cloudfunctions2_function",
      "name": "accept_webhook",
      "provider": "provider[\"registry.terraform.io/hashicorp/google\"]",
      "instances": [
        {
          "schema_version": 0,
          "attributes": {
            "build_config": [
              {
                "build": "projects/180268730165/locations/europe-west1/builds/21d40a3a-3987-474b-b85f-56691cd74e4c",
                "docker_repository": "projects/elysian-client-services/locations/europe-west1/repositories/gcf-artifacts",
                "entry_point": "handler",
                "environment_variables": {},
                "runtime": "nodejs18",
                "service_account": "",
                "source": [
                  {
                    "repo_source": [],
                    "storage_source": [
                      {
                        "bucket": "elysian-client-services-functions-bucket",
                        "generation": 1716321141118312,
                        "object": "accept_webhook_45318a4d520b8e3ee8db80426532e90c6496de9b7a4afeca429613876d4c88a4.zip"
                      }
                    ]
                  }
                ],
                "worker_pool": ""
              }
            ],
            "description": "",
            "effective_labels": {},
            "environment": "GEN_2",
            "event_trigger": [],
            "id": "projects/elysian-client-services/locations/europe-west1/functions/accept_webhook",
            "kms_key_name": "",
            "labels": {},
            "location": "europe-west1",
            "name": "accept_webhook",
            "project": "elysian-client-services",
            "service_config": [
              {
                "all_traffic_on_latest_revision": true,
                "available_cpu": "0.583",
                "available_memory": "256M",
                "environment_variables": {
                  "GCP_PROJECT": "elysian-client-services"
                },
                "gcf_uri": "",
                "ingress_settings": "ALLOW_ALL",
                "max_instance_count": 10,
                "max_instance_request_concurrency": 1,
                "min_instance_count": 0,
                "secret_environment_variables": [],
                "secret_volumes": [],
                "service": "projects/elysian-client-services/locations/europe-west1/services/accept-webhook",
                "service_account_email": "180268730165-compute@developer.gserviceaccount.com",
                "timeout_seconds": 540,
                "uri": "https://accept-webhook-kdqvx3mwaq-ew.a.run.app",
                "vpc_connector": "",
                "vpc_connector_egress_settings": ""
              }
            ],
            "state": "ACTIVE",
            "terraform_labels": {},
            "timeouts": null,
            "update_time": "2024-05-21T19:54:28.354801321Z",
            "url": "https://europe-west1-elysian-client-services.cloudfunctions.net/accept_webhook"
          },
          "sensitive_attributes": [],
          "private": "eyJlMmJmYjczMC1lY2FhLTExZTYtOGY4OC0zNDM2M2JjN2M0YzAiOnsiY3JlYXRlIjozNjAwMDAwMDAwMDAwLCJkZWxldGUiOjM2MDAwMDAwMDAwMDAsInVwZGF0ZSI6MzYwMDAwMDAwMDAwMH19",
          "dependencies": [
            "google_firestore_database.default",
            "google_project_iam_member.secret_accessor",
            "google_project_service.cloudbuild",
            "google_project_service.cloudfunctions",
            "google_project_service.cloudresourcemanager",
            "google_project_service.compute",
            "google_project_service.eventarc",
            "google_project_service.firestore",
            "google_project_service.iamcredentials",
            "google_project_service.run",
            "google_project_service.secretmanager",
            "google_project_service.serviceusage",
            "google_project_service.storage",
            "google_storage_bucket.functions_bucket",
            "module.functions.google_storage_bucket_object.accept_webhook_code"
          ]
        }
      ]
    },
    {
      "module": "module.functions",
      "mode": "managed",
      "type": "google_cloudfunctions2_function",
      "name": "get_name",
      "provider": "provider[\"registry.terraform.io/hashicorp/google\"]",
      "instances": [
        {
          "schema_version": 0,
          "attributes": {
            "build_config": [
              {
                "build": "projects/180268730165/locations/europe-west1/builds/d3ca1799-7191-43a0-91d3-e6f8cb7655e3",
                "docker_repository": "projects/elysian-client-services/locations/europe-west1/repositories/gcf-artifacts",
                "entry_point": "handler",
                "environment_variables": {},
                "runtime": "nodejs18",
                "service_account": "",
                "source": [
                  {
                    "repo_source": [],
                    "storage_source": [
                      {
                        "bucket": "elysian-client-services-functions-bucket",
                        "generation": 1716321140545675,
                        "object": "get_name_9696aba888e044426e719576c71d706df54acea5d6e08cfa8a553b1a6867f267.zip"
                      }
                    ]
                  }
                ],
                "worker_pool": ""
              }
            ],
            "description": "",
            "effective_labels": {},
            "environment": "GEN_2",
            "event_trigger": [],
            "id": "projects/elysian-client-services/locations/europe-west1/functions/get_name",
            "kms_key_name": "",
            "labels": {},
            "location": "europe-west1",
            "name": "get_name",
            "project": "elysian-client-services",
            "service_config": [
              {
                "all_traffic_on_latest_revision": true,
                "available_cpu": "0.583",
                "available_memory": "256M",
                "environment_variables": {
                  "GCP_PROJECT": "elysian-client-services"
                },
                "gcf_uri": "",
                "ingress_settings": "ALLOW_ALL",
                "max_instance_count": 10,
                "max_instance_request_concurrency": 1,
                "min_instance_count": 0,
                "secret_environment_variables": [],
                "secret_volumes": [],
                "service": "projects/elysian-client-services/locations/europe-west1/services/get-name",
                "service_account_email": "180268730165-compute@developer.gserviceaccount.com",
                "timeout_seconds": 540,
                "uri": "https://get-name-kdqvx3mwaq-ew.a.run.app",
                "vpc_connector": "",
                "vpc_connector_egress_settings": ""
              }
            ],
            "state": "ACTIVE",
            "terraform_labels": {},
            "timeouts": null,
            "update_time": "2024-05-21T19:53:49.725737987Z",
            "url": "https://europe-west1-elysian-client-services.cloudfunctions.net/get_name"
          },
          "sensitive_attributes": [],
          "private": "eyJlMmJmYjczMC1lY2FhLTExZTYtOGY4OC0zNDM2M2JjN2M0YzAiOnsiY3JlYXRlIjozNjAwMDAwMDAwMDAwLCJkZWxldGUiOjM2MDAwMDAwMDAwMDAsInVwZGF0ZSI6MzYwMDAwMDAwMDAwMH19",
          "dependencies": [
            "google_firestore_database.default",
            "google_project_iam_member.secret_accessor",
            "google_project_service.cloudbuild",
            "google_project_service.cloudfunctions",
            "google_project_service.cloudresourcemanager",
            "google_project_service.compute",
            "google_project_service.eventarc",
            "google_project_service.firestore",
            "google_project_service.iamcredentials",
            "google_project_service.run",
            "google_project_service.secretmanager",
            "google_project_service.serviceusage",
            "google_project_service.storage",
            "google_storage_bucket.functions_bucket",
            "module.functions.google_storage_bucket_object.get_name_code"
          ]
        }
      ]
    },
    {
      "module": "module.functions",
      "mode": "managed",
      "type": "google_cloudfunctions2_function",
      "name": "query_name",
      "provider": "provider[\"registry.terraform.io/hashicorp/google\"]",
      "instances": [
        {
          "schema_version": 0,
          "attributes": {
            "build_config": [
              {
                "build": "projects/180268730165/locations/europe-west1/builds/963dc204-d506-43bd-b7cb-ef3b004544ee",
                "docker_repository": "projects/elysian-client-services/locations/europe-west1/repositories/gcf-artifacts",
                "entry_point": "handler",
                "environment_variables": {},
                "runtime": "nodejs18",
                "service_account": "",
                "source": [
                  {
                    "repo_source": [],
                    "storage_source": [
                      {
                        "bucket": "elysian-client-services-functions-bucket",
                        "generation": 1716361635853055,
                        "object": "query_name_9ea1424c45fb1ca8efc1cb6a50f2c8215d34d538264c57c863267e1a51ef02e9.zip"
                      }
                    ]
                  }
                ],
                "worker_pool": ""
              }
            ],
            "description": "",
            "effective_labels": {},
            "environment": "GEN_2",
            "event_trigger": [],
            "id": "projects/elysian-client-services/locations/europe-west1/functions/query_name",
            "kms_key_name": "",
            "labels": {},
            "location": "europe-west1",
            "name": "query_name",
            "project": "elysian-client-services",
            "service_config": [
              {
                "all_traffic_on_latest_revision": true,
                "available_cpu": "0.583",
                "available_memory": "256M",
                "environment_variables": {
                  "GCP_PROJECT": "elysian-client-services"
                },
                "gcf_uri": "",
                "ingress_settings": "ALLOW_ALL",
                "max_instance_count": 10,
                "max_instance_request_concurrency": 1,
                "min_instance_count": 0,
                "secret_environment_variables": [],
                "secret_volumes": [],
                "service": "projects/elysian-client-services/locations/europe-west1/services/query-name",
                "service_account_email": "180268730165-compute@developer.gserviceaccount.com",
                "timeout_seconds": 540,
                "uri": "https://query-name-kdqvx3mwaq-ew.a.run.app",
                "vpc_connector": "",
                "vpc_connector_egress_settings": ""
              }
            ],
            "state": "ACTIVE",
            "terraform_labels": {},
            "timeouts": null,
            "update_time": "2024-05-22T07:08:39.606203303Z",
            "url": "https://europe-west1-elysian-client-services.cloudfunctions.net/query_name"
          },
          "sensitive_attributes": [],
          "private": "eyJlMmJmYjczMC1lY2FhLTExZTYtOGY4OC0zNDM2M2JjN2M0YzAiOnsiY3JlYXRlIjozNjAwMDAwMDAwMDAwLCJkZWxldGUiOjM2MDAwMDAwMDAwMDAsInVwZGF0ZSI6MzYwMDAwMDAwMDAwMH19",
          "dependencies": [
            "google_firestore_database.default",
            "google_project_iam_member.secret_accessor",
            "google_project_service.cloudbuild",
            "google_project_service.cloudfunctions",
            "google_project_service.cloudresourcemanager",
            "google_project_service.compute",
            "google_project_service.eventarc",
            "google_project_service.firestore",
            "google_project_service.iamcredentials",
            "google_project_service.run",
            "google_project_service.secretmanager",
            "google_project_service.serviceusage",
            "google_project_service.storage",
            "google_storage_bucket.functions_bucket",
            "module.functions.google_storage_bucket_object.query_name_code"
          ]
        }
      ]
    },
    {
      "module": "module.functions",
      "mode": "managed",
      "type": "google_storage_bucket_object",
      "name": "accept_webhook_code",
      "provider": "provider[\"registry.terraform.io/hashicorp/google\"]",
      "instances": [
        {
          "schema_version": 0,
          "attributes": {
            "bucket": "elysian-client-services-functions-bucket",
            "cache_control": "",
            "content": null,
            "content_disposition": "",
            "content_encoding": "",
            "content_language": "",
            "content_type": "application/zip",
            "crc32c": "IcILiA==",
            "customer_encryption": [],
            "detect_md5hash": "25eE1TCBXDJu3dnVWGcyzA==",
            "event_based_hold": false,
            "id": "elysian-client-services-functions-bucket-accept_webhook_45318a4d520b8e3ee8db80426532e90c6496de9b7a4afeca429613876d4c88a4.zip",
            "kms_key_name": "",
            "md5hash": "25eE1TCBXDJu3dnVWGcyzA==",
            "media_link": "https://storage.googleapis.com/download/storage/v1/b/elysian-client-services-functions-bucket/o/accept_webhook_45318a4d520b8e3ee8db80426532e90c6496de9b7a4afeca429613876d4c88a4.zip?generation=1716321140314436\u0026alt=media",
            "metadata": {},
            "name": "accept_webhook_45318a4d520b8e3ee8db80426532e90c6496de9b7a4afeca429613876d4c88a4.zip",
            "output_name": "accept_webhook_45318a4d520b8e3ee8db80426532e90c6496de9b7a4afeca429613876d4c88a4.zip",
            "retention": [],
            "self_link": "https://www.googleapis.com/storage/v1/b/elysian-client-services-functions-bucket/o/accept_webhook_45318a4d520b8e3ee8db80426532e90c6496de9b7a4afeca429613876d4c88a4.zip",
            "source": "functions/build/accept_webhook_45318a4d520b8e3ee8db80426532e90c6496de9b7a4afeca429613876d4c88a4.zip",
            "storage_class": "STANDARD",
            "temporary_hold": false,
            "timeouts": null
          },
          "sensitive_attributes": [],
          "private": "eyJlMmJmYjczMC1lY2FhLTExZTYtOGY4OC0zNDM2M2JjN2M0YzAiOnsiY3JlYXRlIjoyNDAwMDAwMDAwMDAsImRlbGV0ZSI6MjQwMDAwMDAwMDAwLCJ1cGRhdGUiOjI0MDAwMDAwMDAwMH19",
          "dependencies": [
            "google_firestore_database.default",
            "google_project_iam_member.secret_accessor",
            "google_project_service.cloudbuild",
            "google_project_service.cloudfunctions",
            "google_project_service.cloudresourcemanager",
            "google_project_service.compute",
            "google_project_service.eventarc",
            "google_project_service.firestore",
            "google_project_service.iamcredentials",
            "google_project_service.run",
            "google_project_service.secretmanager",
            "google_project_service.serviceusage",
            "google_project_service.storage",
            "google_storage_bucket.functions_bucket"
          ]
        }
      ]
    },
    {
      "module": "module.functions",
      "mode": "managed",
      "type": "google_storage_bucket_object",
      "name": "get_name_code",
      "provider": "provider[\"registry.terraform.io/hashicorp/google\"]",
      "instances": [
        {
          "schema_version": 0,
          "attributes": {
            "bucket": "elysian-client-services-functions-bucket",
            "cache_control": "",
            "content": null,
            "content_disposition": "",
            "content_encoding": "",
            "content_language": "",
            "content_type": "application/zip",
            "crc32c": "fK75qw==",
            "customer_encryption": [],
            "detect_md5hash": "5Mwd3ncVOO6AvdQJMx2Drg==",
            "event_based_hold": false,
            "id": "elysian-client-services-functions-bucket-get_name_9696aba888e044426e719576c71d706df54acea5d6e08cfa8a553b1a6867f267.zip",
            "kms_key_name": "",
            "md5hash": "5Mwd3ncVOO6AvdQJMx2Drg==",
            "media_link": "https://storage.googleapis.com/download/storage/v1/b/elysian-client-services-functions-bucket/o/get_name_9696aba888e044426e719576c71d706df54acea5d6e08cfa8a553b1a6867f267.zip?generation=1716321140244623\u0026alt=media",
            "metadata": {},
            "name": "get_name_9696aba888e044426e719576c71d706df54acea5d6e08cfa8a553b1a6867f267.zip",
            "output_name": "get_name_9696aba888e044426e719576c71d706df54acea5d6e08cfa8a553b1a6867f267.zip",
            "retention": [],
            "self_link": "https://www.googleapis.com/storage/v1/b/elysian-client-services-functions-bucket/o/get_name_9696aba888e044426e719576c71d706df54acea5d6e08cfa8a553b1a6867f267.zip",
            "source": "functions/build/get_name_9696aba888e044426e719576c71d706df54acea5d6e08cfa8a553b1a6867f267.zip",
            "storage_class": "STANDARD",
            "temporary_hold": false,
            "timeouts": null
          },
          "sensitive_attributes": [],
          "private": "eyJlMmJmYjczMC1lY2FhLTExZTYtOGY4OC0zNDM2M2JjN2M0YzAiOnsiY3JlYXRlIjoyNDAwMDAwMDAwMDAsImRlbGV0ZSI6MjQwMDAwMDAwMDAwLCJ1cGRhdGUiOjI0MDAwMDAwMDAwMH19",
          "dependencies": [
            "google_firestore_database.default",
            "google_project_iam_member.secret_accessor",
            "google_project_service.cloudbuild",
            "google_project_service.cloudfunctions",
            "google_project_service.cloudresourcemanager",
            "google_project_service.compute",
            "google_project_service.eventarc",
            "google_project_service.firestore",
            "google_project_service.iamcredentials",
            "google_project_service.run",
            "google_project_service.secretmanager",
            "google_project_service.serviceusage",
            "google_project_service.storage",
            "google_storage_bucket.functions_bucket"
          ]
        }
      ]
    },
    {
      "module": "module.functions",
      "mode": "managed",
      "type": "google_storage_bucket_object",
      "name": "query_name_code",
      "provider": "provider[\"registry.terraform.io/hashicorp/google\"]",
      "instances": [
        {
          "schema_version": 0,
          "attributes": {
            "bucket": "elysian-client-services-functions-bucket",
            "cache_control": "",
            "content": null,
            "content_disposition": "",
            "content_encoding": "",
            "content_language": "",
            "content_type": "application/zip",
            "crc32c": "OMuF/g==",
            "customer_encryption": [],
            "detect_md5hash": "tHyJpc25kgbI/+BDMoB4Zg==",
            "event_based_hold": false,
            "id": "elysian-client-services-functions-bucket-query_name_366c3cb7e49ba8d39b52af90a7ea427b9792a367ff4dc36f72b9106e3ab08f31.zip",
            "kms_key_name": "",
            "md5hash": "tHyJpc25kgbI/+BDMoB4Zg==",
            "media_link": "https://storage.googleapis.com/download/storage/v1/b/elysian-client-services-functions-bucket/o/query_name_366c3cb7e49ba8d39b52af90a7ea427b9792a367ff4dc36f72b9106e3ab08f31.zip?generation=1716364508679085\u0026alt=media",
            "metadata": null,
            "name": "query_name_366c3cb7e49ba8d39b52af90a7ea427b9792a367ff4dc36f72b9106e3ab08f31.zip",
            "output_name": "query_name_366c3cb7e49ba8d39b52af90a7ea427b9792a367ff4dc36f72b9106e3ab08f31.zip",
            "retention": [],
            "self_link": "https://www.googleapis.com/storage/v1/b/elysian-client-services-functions-bucket/o/query_name_366c3cb7e49ba8d39b52af90a7ea427b9792a367ff4dc36f72b9106e3ab08f31.zip",
            "source": "functions/build/query_name_366c3cb7e49ba8d39b52af90a7ea427b9792a367ff4dc36f72b9106e3ab08f31.zip",
            "storage_class": "STANDARD",
            "temporary_hold": false,
            "timeouts": null
          },
          "sensitive_attributes": [],
          "private": "eyJlMmJmYjczMC1lY2FhLTExZTYtOGY4OC0zNDM2M2JjN2M0YzAiOnsiY3JlYXRlIjoyNDAwMDAwMDAwMDAsImRlbGV0ZSI6MjQwMDAwMDAwMDAwLCJ1cGRhdGUiOjI0MDAwMDAwMDAwMH19",
          "dependencies": [
            "google_firestore_database.default",
            "google_project_iam_member.secret_accessor",
            "google_project_service.cloudbuild",
            "google_project_service.cloudfunctions",
            "google_project_service.compute",
            "google_project_service.eventarc",
            "google_project_service.run",
            "google_project_service.secretmanager",
            "google_project_service.serviceusage",
            "google_storage_bucket.functions_bucket"
          ]
        }
      ]
    }
  ],
  "check_results": null
}
